
Microsoft Visual Studio Solution File, Format Version 12.00
# Visual Studio Version 17
VisualStudioVersion = 17.8.34330.188
MinimumVisualStudioVersion = 10.0.40219.1
Project("{9A19103F-16F7-4668-BE54-9A1E7A4F7556}") = "DataBase", "DataBase\DataBase.csproj", "{BBD59114-8D3D-4428-8FDC-68153D977257}"
	ProjectSection(ProjectDependencies) = postProject
		{22BB7963-363E-41BF-9786-7BB8382E30DE} = {22BB7963-363E-41BF-9786-7BB8382E30DE}
	EndProjectSection
EndProject
Project("{9A19103F-16F7-4668-BE54-9A1E7A4F7556}") = "DbLayer", "DbLayer\DbLayer.csproj", "{CC36E277-EFD2-449F-901A-0FC0C0E34493}"
	ProjectSection(ProjectDependencies) = postProject
		{22BB7963-363E-41BF-9786-7BB8382E30DE} = {22BB7963-363E-41BF-9786-7BB8382E30DE}
	EndProjectSection
EndProject
Project("{9A19103F-16F7-4668-BE54-9A1E7A4F7556}") = "QUIZ_client_1", "QUIZ-client_1\QUIZ_client_1.csproj", "{897A4DD2-18AF-46A8-8E36-6CEAB143FF2F}"
	ProjectSection(ProjectDependencies) = postProject
		{22BB7963-363E-41BF-9786-7BB8382E30DE} = {22BB7963-363E-41BF-9786-7BB8382E30DE}
	EndProjectSection
EndProject
Project("{9A19103F-16F7-4668-BE54-9A1E7A4F7556}") = "Models", "Models\Models.csproj", "{22BB7963-363E-41BF-9786-7BB8382E30DE}"
EndProject
Project("{9A19103F-16F7-4668-BE54-9A1E7A4F7556}") = "QUIZproject_server", "QUIZproject-server\QUIZproject_server.csproj", "{62A02E04-17CC-4189-AA83-3E6996304EF4}"
EndProject
Project("{FAE04EC0-301F-11D3-BF4B-00C04F79EFBC}") = "Utilities", "Utilities\Utilities.csproj", "{F725C212-B811-4D64-A64A-D574C3968CF3}"
EndProject
Global
	GlobalSection(SolutionConfigurationPlatforms) = preSolution
		Debug|Any CPU = Debug|Any CPU
		Release|Any CPU = Release|Any CPU
	EndGlobalSection
	GlobalSection(ProjectConfigurationPlatforms) = postSolution
		{BBD59114-8D3D-4428-8FDC-68153D977257}.Debug|Any CPU.ActiveCfg = Debug|Any CPU
		{BBD59114-8D3D-4428-8FDC-68153D977257}.Debug|Any CPU.Build.0 = Debug|Any CPU
		{BBD59114-8D3D-4428-8FDC-68153D977257}.Release|Any CPU.ActiveCfg = Release|Any CPU
		{BBD59114-8D3D-4428-8FDC-68153D977257}.Release|Any CPU.Build.0 = Release|Any CPU
		{CC36E277-EFD2-449F-901A-0FC0C0E34493}.Debug|Any CPU.ActiveCfg = Debug|Any CPU
		{CC36E277-EFD2-449F-901A-0FC0C0E34493}.Debug|Any CPU.Build.0 = Debug|Any CPU
		{CC36E277-EFD2-449F-901A-0FC0C0E34493}.Release|Any CPU.ActiveCfg = Release|Any CPU
		{CC36E277-EFD2-449F-901A-0FC0C0E34493}.Release|Any CPU.Build.0 = Release|Any CPU
		{897A4DD2-18AF-46A8-8E36-6CEAB143FF2F}.Debug|Any CPU.ActiveCfg = Debug|Any CPU
		{897A4DD2-18AF-46A8-8E36-6CEAB143FF2F}.Debug|Any CPU.Build.0 = Debug|Any CPU
		{897A4DD2-18AF-46A8-8E36-6CEAB143FF2F}.Release|Any CPU.ActiveCfg = Release|Any CPU
		{897A4DD2-18AF-46A8-8E36-6CEAB143FF2F}.Release|Any CPU.Build.0 = Release|Any CPU
		{22BB7963-363E-41BF-9786-7BB8382E30DE}.Debug|Any CPU.ActiveCfg = Debug|Any CPU
		{22BB7963-363E-41BF-9786-7BB8382E30DE}.Debug|Any CPU.Build.0 = Debug|Any CPU
		{22BB7963-363E-41BF-9786-7BB8382E30DE}.Release|Any CPU.ActiveCfg = Release|Any CPU
		{22BB7963-363E-41BF-9786-7BB8382E30DE}.Release|Any CPU.Build.0 = Release|Any CPU
		{62A02E04-17CC-4189-AA83-3E6996304EF4}.Debug|Any CPU.ActiveCfg = Debug|Any CPU
		{62A02E04-17CC-4189-AA83-3E6996304EF4}.Debug|Any CPU.Build.0 = Debug|Any CPU
		{62A02E04-17CC-4189-AA83-3E6996304EF4}.Release|Any CPU.ActiveCfg = Release|Any CPU
		{62A02E04-17CC-4189-AA83-3E6996304EF4}.Release|Any CPU.Build.0 = Release|Any CPU
		{F725C212-B811-4D64-A64A-D574C3968CF3}.Debug|Any CPU.ActiveCfg = Debug|Any CPU
		{F725C212-B811-4D64-A64A-D574C3968CF3}.Debug|Any CPU.Build.0 = Debug|Any CPU
		{F725C212-B811-4D64-A64A-D574C3968CF3}.Release|Any CPU.ActiveCfg = Release|Any CPU
		{F725C212-B811-4D64-A64A-D574C3968CF3}.Release|Any CPU.Build.0 = Release|Any CPU
	EndGlobalSection
	GlobalSection(SolutionProperties) = preSolution
		HideSolutionNode = FALSE
	EndGlobalSection
	GlobalSection(ExtensibilityGlobals) = postSolution
		SolutionGuid = {65E11CBD-5F52-42B9-8B93-03C7A400A41A}
	EndGlobalSection
EndGlobal
